
Microsoft Visual Studio Solution File, Format Version 12.00
# Visual Studio Version 16
VisualStudioVersion = 16.0.29424.173
MinimumVisualStudioVersion = 10.0.40219.1
Project("{FAE04EC0-301F-11D3-BF4B-00C04F79EFBC}") = "15.12.19_Homework_Queue_mission", "15.12.19_Homework_Queue_mission\15.12.19_Homework_Queue_mission.csproj", "{21FDC3A5-2632-4685-992D-B0B28CBB44EF}"
EndProject
Global
	GlobalSection(SolutionConfigurationPlatforms) = preSolution
		Debug|Any CPU = Debug|Any CPU
		Release|Any CPU = Release|Any CPU
	EndGlobalSection
	GlobalSection(ProjectConfigurationPlatforms) = postSolution
		{21FDC3A5-2632-4685-992D-B0B28CBB44EF}.Debug|Any CPU.ActiveCfg = Debug|Any CPU
		{21FDC3A5-2632-4685-992D-B0B28CBB44EF}.Debug|Any CPU.Build.0 = Debug|Any CPU
		{21FDC3A5-2632-4685-992D-B0B28CBB44EF}.Release|Any CPU.ActiveCfg = Release|Any CPU
		{21FDC3A5-2632-4685-992D-B0B28CBB44EF}.Release|Any CPU.Build.0 = Release|Any CPU
	EndGlobalSection
	GlobalSection(SolutionProperties) = preSolution
		HideSolutionNode = FALSE
	EndGlobalSection
	GlobalSection(ExtensibilityGlobals) = postSolution
		SolutionGuid = {A759F018-6391-4BB0-AFE4-0FA033BBDB32}
	EndGlobalSection
EndGlobal
